
Microsoft Visual Studio Solution File, Format Version 11.00
# Visual Studio 2010
Project("{FAE04EC0-301F-11D3-BF4B-00C04F79EFBC}") = "clase_dif", "clase_dif\clase_dif.csproj", "{C0986DA7-0D57-416B-B2F3-BEF77B663213}"
EndProject
Global
	GlobalSection(SolutionConfigurationPlatforms) = preSolution
		Debug|x86 = Debug|x86
		Release|x86 = Release|x86
	EndGlobalSection
	GlobalSection(ProjectConfigurationPlatforms) = postSolution
		{C0986DA7-0D57-416B-B2F3-BEF77B663213}.Debug|x86.ActiveCfg = Debug|x86
		{C0986DA7-0D57-416B-B2F3-BEF77B663213}.Debug|x86.Build.0 = Debug|x86
		{C0986DA7-0D57-416B-B2F3-BEF77B663213}.Release|x86.ActiveCfg = Release|x86
		{C0986DA7-0D57-416B-B2F3-BEF77B663213}.Release|x86.Build.0 = Release|x86
	EndGlobalSection
	GlobalSection(SolutionProperties) = preSolution
		HideSolutionNode = FALSE
	EndGlobalSection
EndGlobal
