
Microsoft Visual Studio Solution File, Format Version 11.00
# Visual Studio 2010
Project("{FAE04EC0-301F-11D3-BF4B-00C04F79EFBC}") = "probleme", "probleme\probleme.csproj", "{87D935A9-C770-420D-BFF4-DF120BD9EA70}"
EndProject
Global
	GlobalSection(SolutionConfigurationPlatforms) = preSolution
		Debug|x86 = Debug|x86
		Release|x86 = Release|x86
	EndGlobalSection
	GlobalSection(ProjectConfigurationPlatforms) = postSolution
		{87D935A9-C770-420D-BFF4-DF120BD9EA70}.Debug|x86.ActiveCfg = Debug|x86
		{87D935A9-C770-420D-BFF4-DF120BD9EA70}.Debug|x86.Build.0 = Debug|x86
		{87D935A9-C770-420D-BFF4-DF120BD9EA70}.Release|x86.ActiveCfg = Release|x86
		{87D935A9-C770-420D-BFF4-DF120BD9EA70}.Release|x86.Build.0 = Release|x86
	EndGlobalSection
	GlobalSection(SolutionProperties) = preSolution
		HideSolutionNode = FALSE
	EndGlobalSection
EndGlobal
